# Code generated by scarb DO NOT EDIT.
version = 1

[[package]]
name = "dojo"
version = "1.0.0-alpha.4"
source = "git+https://github.com/dojoengine/dojo?tag=v1.0.0-alpha.13#9f95a68a957d45190a1e1c42877a4b828ab7a96d"

[[package]]
name = "grimscape"
version = "0.0.0"
dependencies = [
 "dojo",
 "origami_map",
 "origami_random",
]

[[package]]
name = "origami_map"
version = "1.0.0-alpha.13"
source = "git+https://github.com/dojoengine/origami?tag=v1.0.0-alpha.13#cb18bd91da4449c68c4cf455fc48838bf4f4cabc"

[[package]]
name = "origami_random"
version = "1.0.0-alpha.13"
source = "git+https://github.com/dojoengine/origami?tag=v1.0.0-alpha.13#cb18bd91da4449c68c4cf455fc48838bf4f4cabc"
